
Microsoft Visual Studio Solution File, Format Version 12.00
# Visual Studio Version 17
VisualStudioVersion = 17.7.34024.191
MinimumVisualStudioVersion = 10.0.40219.1
Project("{FAE04EC0-301F-11D3-BF4B-00C04F79EFBC}") = "PastaneMenuVeSiparis.Android", "PastaneMenuVeSiparis\PastaneMenuVeSiparis.Android\PastaneMenuVeSiparis.Android.csproj", "{663BC610-A4A1-474A-892D-1E271322E55F}"
EndProject
Project("{FAE04EC0-301F-11D3-BF4B-00C04F79EFBC}") = "PastaneMenuVeSiparis", "PastaneMenuVeSiparis\PastaneMenuVeSiparis\PastaneMenuVeSiparis.csproj", "{F9FB5574-3AAC-4276-930D-87338DBEC8EB}"
EndProject
Global
	GlobalSection(SolutionConfigurationPlatforms) = preSolution
		Debug|Any CPU = Debug|Any CPU
		Release|Any CPU = Release|Any CPU
	EndGlobalSection
	GlobalSection(ProjectConfigurationPlatforms) = postSolution
		{663BC610-A4A1-474A-892D-1E271322E55F}.Debug|Any CPU.ActiveCfg = Debug|Any CPU
		{663BC610-A4A1-474A-892D-1E271322E55F}.Debug|Any CPU.Build.0 = Debug|Any CPU
		{663BC610-A4A1-474A-892D-1E271322E55F}.Debug|Any CPU.Deploy.0 = Debug|Any CPU
		{663BC610-A4A1-474A-892D-1E271322E55F}.Release|Any CPU.ActiveCfg = Release|Any CPU
		{663BC610-A4A1-474A-892D-1E271322E55F}.Release|Any CPU.Build.0 = Release|Any CPU
		{663BC610-A4A1-474A-892D-1E271322E55F}.Release|Any CPU.Deploy.0 = Release|Any CPU
		{F9FB5574-3AAC-4276-930D-87338DBEC8EB}.Debug|Any CPU.ActiveCfg = Debug|Any CPU
		{F9FB5574-3AAC-4276-930D-87338DBEC8EB}.Debug|Any CPU.Build.0 = Debug|Any CPU
		{F9FB5574-3AAC-4276-930D-87338DBEC8EB}.Debug|Any CPU.Deploy.0 = Debug|Any CPU
		{F9FB5574-3AAC-4276-930D-87338DBEC8EB}.Release|Any CPU.ActiveCfg = Release|Any CPU
		{F9FB5574-3AAC-4276-930D-87338DBEC8EB}.Release|Any CPU.Build.0 = Release|Any CPU
		{F9FB5574-3AAC-4276-930D-87338DBEC8EB}.Release|Any CPU.Deploy.0 = Release|Any CPU
	EndGlobalSection
	GlobalSection(SolutionProperties) = preSolution
		HideSolutionNode = FALSE
	EndGlobalSection
	GlobalSection(ExtensibilityGlobals) = postSolution
		SolutionGuid = {E4772F85-DAD1-4C6C-801F-B22F5D581A99}
	EndGlobalSection
EndGlobal
